
Microsoft Visual Studio Solution File, Format Version 12.00
# Visual Studio 2012
Project("{FAE04EC0-301F-11D3-BF4B-00C04F79EFBC}") = "BrandBook", "BrandBook\BrandBook.csproj", "{78BA9005-95E4-4685-AC6A-BEC7DFBE7159}"
EndProject
Project("{FAE04EC0-301F-11D3-BF4B-00C04F79EFBC}") = "BrandBookDBContext", "BrandBookDBContext\BrandBookDBContext.csproj", "{D11854B1-F669-43A7-9558-AAE0DFEC8C8E}"
EndProject
Project("{FAE04EC0-301F-11D3-BF4B-00C04F79EFBC}") = "BrandBookModel", "BrandBookModel\BrandBookModel.csproj", "{2E642FFE-0712-4EA8-A09A-BC1F8A4D01D7}"
EndProject
Project("{FAE04EC0-301F-11D3-BF4B-00C04F79EFBC}") = "BrandBookRepository", "BrandBookRepository\BrandBookRepository.csproj", "{34462F92-9C71-44EE-B590-A33C012728E0}"
EndProject
Project("{FAE04EC0-301F-11D3-BF4B-00C04F79EFBC}") = "BrandBookBiz", "BrandBookBiz\BrandBookBiz.csproj", "{C04ED3C0-2C91-4203-AB6A-D747921D03DD}"
EndProject
Global
	GlobalSection(SolutionConfigurationPlatforms) = preSolution
		Debug|Any CPU = Debug|Any CPU
		Release|Any CPU = Release|Any CPU
	EndGlobalSection
	GlobalSection(ProjectConfigurationPlatforms) = postSolution
		{78BA9005-95E4-4685-AC6A-BEC7DFBE7159}.Debug|Any CPU.ActiveCfg = Debug|Any CPU
		{78BA9005-95E4-4685-AC6A-BEC7DFBE7159}.Debug|Any CPU.Build.0 = Debug|Any CPU
		{78BA9005-95E4-4685-AC6A-BEC7DFBE7159}.Release|Any CPU.ActiveCfg = Release|Any CPU
		{78BA9005-95E4-4685-AC6A-BEC7DFBE7159}.Release|Any CPU.Build.0 = Release|Any CPU
		{D11854B1-F669-43A7-9558-AAE0DFEC8C8E}.Debug|Any CPU.ActiveCfg = Debug|Any CPU
		{D11854B1-F669-43A7-9558-AAE0DFEC8C8E}.Debug|Any CPU.Build.0 = Debug|Any CPU
		{D11854B1-F669-43A7-9558-AAE0DFEC8C8E}.Release|Any CPU.ActiveCfg = Release|Any CPU
		{D11854B1-F669-43A7-9558-AAE0DFEC8C8E}.Release|Any CPU.Build.0 = Release|Any CPU
		{2E642FFE-0712-4EA8-A09A-BC1F8A4D01D7}.Debug|Any CPU.ActiveCfg = Debug|Any CPU
		{2E642FFE-0712-4EA8-A09A-BC1F8A4D01D7}.Debug|Any CPU.Build.0 = Debug|Any CPU
		{2E642FFE-0712-4EA8-A09A-BC1F8A4D01D7}.Release|Any CPU.ActiveCfg = Release|Any CPU
		{2E642FFE-0712-4EA8-A09A-BC1F8A4D01D7}.Release|Any CPU.Build.0 = Release|Any CPU
		{34462F92-9C71-44EE-B590-A33C012728E0}.Debug|Any CPU.ActiveCfg = Debug|Any CPU
		{34462F92-9C71-44EE-B590-A33C012728E0}.Debug|Any CPU.Build.0 = Debug|Any CPU
		{34462F92-9C71-44EE-B590-A33C012728E0}.Release|Any CPU.ActiveCfg = Release|Any CPU
		{34462F92-9C71-44EE-B590-A33C012728E0}.Release|Any CPU.Build.0 = Release|Any CPU
		{C04ED3C0-2C91-4203-AB6A-D747921D03DD}.Debug|Any CPU.ActiveCfg = Debug|Any CPU
		{C04ED3C0-2C91-4203-AB6A-D747921D03DD}.Debug|Any CPU.Build.0 = Debug|Any CPU
		{C04ED3C0-2C91-4203-AB6A-D747921D03DD}.Release|Any CPU.ActiveCfg = Release|Any CPU
		{C04ED3C0-2C91-4203-AB6A-D747921D03DD}.Release|Any CPU.Build.0 = Release|Any CPU
	EndGlobalSection
	GlobalSection(SolutionProperties) = preSolution
		HideSolutionNode = FALSE
	EndGlobalSection
EndGlobal
